
Microsoft Visual Studio Solution File, Format Version 12.00
# Visual Studio Version 16
VisualStudioVersion = 16.0.31313.79
MinimumVisualStudioVersion = 10.0.40219.1
Project("{FAE04EC0-301F-11D3-BF4B-00C04F79EFBC}") = "singletonExample", "singletonExample\singletonExample.csproj", "{7464BEC0-78CD-4CEF-A9B7-21453B683A7F}"
EndProject
Global
	GlobalSection(SolutionConfigurationPlatforms) = preSolution
		Debug|Any CPU = Debug|Any CPU
		Release|Any CPU = Release|Any CPU
	EndGlobalSection
	GlobalSection(ProjectConfigurationPlatforms) = postSolution
		{7464BEC0-78CD-4CEF-A9B7-21453B683A7F}.Debug|Any CPU.ActiveCfg = Debug|Any CPU
		{7464BEC0-78CD-4CEF-A9B7-21453B683A7F}.Debug|Any CPU.Build.0 = Debug|Any CPU
		{7464BEC0-78CD-4CEF-A9B7-21453B683A7F}.Release|Any CPU.ActiveCfg = Release|Any CPU
		{7464BEC0-78CD-4CEF-A9B7-21453B683A7F}.Release|Any CPU.Build.0 = Release|Any CPU
	EndGlobalSection
	GlobalSection(SolutionProperties) = preSolution
		HideSolutionNode = FALSE
	EndGlobalSection
	GlobalSection(ExtensibilityGlobals) = postSolution
		SolutionGuid = {F7A13667-DFB9-434F-AB1C-B4352A26B4CD}
	EndGlobalSection
EndGlobal
