
Microsoft Visual Studio Solution File, Format Version 12.00
# Visual Studio Version 16
VisualStudioVersion = 16.0.31321.278
MinimumVisualStudioVersion = 10.0.40219.1
Project("{FAE04EC0-301F-11D3-BF4B-00C04F79EFBC}") = "Singleton", "Singleton\Singleton.csproj", "{7F3EA2F7-FE61-45AE-B0EF-7DA36A71B873}"
EndProject
Global
	GlobalSection(SolutionConfigurationPlatforms) = preSolution
		Debug|Any CPU = Debug|Any CPU
		Release|Any CPU = Release|Any CPU
	EndGlobalSection
	GlobalSection(ProjectConfigurationPlatforms) = postSolution
		{7F3EA2F7-FE61-45AE-B0EF-7DA36A71B873}.Debug|Any CPU.ActiveCfg = Debug|Any CPU
		{7F3EA2F7-FE61-45AE-B0EF-7DA36A71B873}.Debug|Any CPU.Build.0 = Debug|Any CPU
		{7F3EA2F7-FE61-45AE-B0EF-7DA36A71B873}.Release|Any CPU.ActiveCfg = Release|Any CPU
		{7F3EA2F7-FE61-45AE-B0EF-7DA36A71B873}.Release|Any CPU.Build.0 = Release|Any CPU
	EndGlobalSection
	GlobalSection(SolutionProperties) = preSolution
		HideSolutionNode = FALSE
	EndGlobalSection
	GlobalSection(ExtensibilityGlobals) = postSolution
		SolutionGuid = {04D025BC-FC2E-4880-921F-E850AD3460F9}
	EndGlobalSection
EndGlobal
