
Microsoft Visual Studio Solution File, Format Version 12.00
# Visual Studio Version 16
VisualStudioVersion = 16.0.31129.286
MinimumVisualStudioVersion = 10.0.40219.1
Project("{FAE04EC0-301F-11D3-BF4B-00C04F79EFBC}") = "Singleton", "Singleton\Singleton.csproj", "{F478E0DC-0D16-4EE8-9B63-692ABE370926}"
EndProject
Global
	GlobalSection(SolutionConfigurationPlatforms) = preSolution
		Debug|Any CPU = Debug|Any CPU
		Release|Any CPU = Release|Any CPU
	EndGlobalSection
	GlobalSection(ProjectConfigurationPlatforms) = postSolution
		{F478E0DC-0D16-4EE8-9B63-692ABE370926}.Debug|Any CPU.ActiveCfg = Debug|Any CPU
		{F478E0DC-0D16-4EE8-9B63-692ABE370926}.Debug|Any CPU.Build.0 = Debug|Any CPU
		{F478E0DC-0D16-4EE8-9B63-692ABE370926}.Release|Any CPU.ActiveCfg = Release|Any CPU
		{F478E0DC-0D16-4EE8-9B63-692ABE370926}.Release|Any CPU.Build.0 = Release|Any CPU
	EndGlobalSection
	GlobalSection(SolutionProperties) = preSolution
		HideSolutionNode = FALSE
	EndGlobalSection
	GlobalSection(ExtensibilityGlobals) = postSolution
		SolutionGuid = {4BA7ED6C-E6DD-44E0-A198-C95BCFAF26AD}
	EndGlobalSection
EndGlobal
