
Microsoft Visual Studio Solution File, Format Version 12.00
Project("{FAE04EC0-301F-11D3-BF4B-00C04F79EFBC}") = "SingletonDemo", "SingletonDemo\SingletonDemo.csproj", "{580D7CA6-4CA6-4326-BB33-0A1780C2445F}"
EndProject
Global
	GlobalSection(SolutionConfigurationPlatforms) = preSolution
		Debug|Any CPU = Debug|Any CPU
		Release|Any CPU = Release|Any CPU
	EndGlobalSection
	GlobalSection(ProjectConfigurationPlatforms) = postSolution
		{580D7CA6-4CA6-4326-BB33-0A1780C2445F}.Debug|Any CPU.ActiveCfg = Debug|Any CPU
		{580D7CA6-4CA6-4326-BB33-0A1780C2445F}.Debug|Any CPU.Build.0 = Debug|Any CPU
		{580D7CA6-4CA6-4326-BB33-0A1780C2445F}.Release|Any CPU.ActiveCfg = Release|Any CPU
		{580D7CA6-4CA6-4326-BB33-0A1780C2445F}.Release|Any CPU.Build.0 = Release|Any CPU
	EndGlobalSection
EndGlobal
