
Microsoft Visual Studio Solution File, Format Version 12.00
# Visual Studio Version 16
VisualStudioVersion = 16.0.31129.286
MinimumVisualStudioVersion = 10.0.40219.1
Project("{FAE04EC0-301F-11D3-BF4B-00C04F79EFBC}") = "Singleton", "Singleton\Singleton.csproj", "{6A84B6B6-9DEF-4222-B48C-D7896CB68A40}"
EndProject
Global
	GlobalSection(SolutionConfigurationPlatforms) = preSolution
		Debug|Any CPU = Debug|Any CPU
		Release|Any CPU = Release|Any CPU
	EndGlobalSection
	GlobalSection(ProjectConfigurationPlatforms) = postSolution
		{6A84B6B6-9DEF-4222-B48C-D7896CB68A40}.Debug|Any CPU.ActiveCfg = Debug|Any CPU
		{6A84B6B6-9DEF-4222-B48C-D7896CB68A40}.Debug|Any CPU.Build.0 = Debug|Any CPU
		{6A84B6B6-9DEF-4222-B48C-D7896CB68A40}.Release|Any CPU.ActiveCfg = Release|Any CPU
		{6A84B6B6-9DEF-4222-B48C-D7896CB68A40}.Release|Any CPU.Build.0 = Release|Any CPU
	EndGlobalSection
	GlobalSection(SolutionProperties) = preSolution
		HideSolutionNode = FALSE
	EndGlobalSection
	GlobalSection(ExtensibilityGlobals) = postSolution
		SolutionGuid = {78247F4B-FA0F-405C-803E-001BC0D7B17F}
	EndGlobalSection
EndGlobal
