
Microsoft Visual Studio Solution File, Format Version 12.00
# Visual Studio Version 16
VisualStudioVersion = 16.0.31321.278
MinimumVisualStudioVersion = 10.0.40219.1
Project("{FAE04EC0-301F-11D3-BF4B-00C04F79EFBC}") = "Singleton", "Singleton\Singleton.csproj", "{EA424E77-3DFF-4222-B770-B080F054A75E}"
EndProject
Global
	GlobalSection(SolutionConfigurationPlatforms) = preSolution
		Debug|Any CPU = Debug|Any CPU
		Release|Any CPU = Release|Any CPU
	EndGlobalSection
	GlobalSection(ProjectConfigurationPlatforms) = postSolution
		{EA424E77-3DFF-4222-B770-B080F054A75E}.Debug|Any CPU.ActiveCfg = Debug|Any CPU
		{EA424E77-3DFF-4222-B770-B080F054A75E}.Debug|Any CPU.Build.0 = Debug|Any CPU
		{EA424E77-3DFF-4222-B770-B080F054A75E}.Release|Any CPU.ActiveCfg = Release|Any CPU
		{EA424E77-3DFF-4222-B770-B080F054A75E}.Release|Any CPU.Build.0 = Release|Any CPU
	EndGlobalSection
	GlobalSection(SolutionProperties) = preSolution
		HideSolutionNode = FALSE
	EndGlobalSection
	GlobalSection(ExtensibilityGlobals) = postSolution
		SolutionGuid = {DC3554C9-E5CE-46F9-8FFE-E4563BA45102}
	EndGlobalSection
EndGlobal
