
Microsoft Visual Studio Solution File, Format Version 12.00
# Visual Studio Version 16
VisualStudioVersion = 16.0.31129.286
MinimumVisualStudioVersion = 10.0.40219.1
Project("{FAE04EC0-301F-11D3-BF4B-00C04F79EFBC}") = "SingletonApp", "SingletonApp\SingletonApp.csproj", "{136744B8-1C46-4BCD-B44A-25AFDB47116B}"
EndProject
Global
	GlobalSection(SolutionConfigurationPlatforms) = preSolution
		Debug|Any CPU = Debug|Any CPU
		Release|Any CPU = Release|Any CPU
	EndGlobalSection
	GlobalSection(ProjectConfigurationPlatforms) = postSolution
		{136744B8-1C46-4BCD-B44A-25AFDB47116B}.Debug|Any CPU.ActiveCfg = Debug|Any CPU
		{136744B8-1C46-4BCD-B44A-25AFDB47116B}.Debug|Any CPU.Build.0 = Debug|Any CPU
		{136744B8-1C46-4BCD-B44A-25AFDB47116B}.Release|Any CPU.ActiveCfg = Release|Any CPU
		{136744B8-1C46-4BCD-B44A-25AFDB47116B}.Release|Any CPU.Build.0 = Release|Any CPU
	EndGlobalSection
	GlobalSection(SolutionProperties) = preSolution
		HideSolutionNode = FALSE
	EndGlobalSection
	GlobalSection(ExtensibilityGlobals) = postSolution
		SolutionGuid = {7F7D3221-666F-4083-90AE-355B01AB46E9}
	EndGlobalSection
EndGlobal
